// !$*UTF8*$!
{
	archiveVersion = 1;
	classes = {
	};
	objectVersion = 56;
	objects = {

/* Begin PBXBuildFile section */
		D903DB5B2C68CED20091F14A /* AppDelegate.swift in Sources */ = {isa = PBXBuildFile; fileRef = D903DB5A2C68CED20091F14A /* AppDelegate.swift */; };
		D903DB5D2C68CED20091F14A /* SceneDelegate.swift in Sources */ = {isa = PBXBuildFile; fileRef = D903DB5C2C68CED20091F14A /* SceneDelegate.swift */; };
		D903DB5F2C68CED20091F14A /* ViewController.swift in Sources */ = {isa = PBXBuildFile; fileRef = D903DB5E2C68CED20091F14A /* ViewController.swift */; };
		D903DB622C68CED20091F14A /* Main.storyboard in Resources */ = {isa = PBXBuildFile; fileRef = D903DB602C68CED20091F14A /* Main.storyboard */; };
		D903DB652C68CED20091F14A /* CircularSeekBar.xcdatamodeld in Sources */ = {isa = PBXBuildFile; fileRef = D903DB632C68CED20091F14A /* CircularSeekBar.xcdatamodeld */; };
		D903DB672C68CED40091F14A /* Assets.xcassets in Resources */ = {isa = PBXBuildFile; fileRef = D903DB662C68CED40091F14A /* Assets.xcassets */; };
		D903DB6A2C68CED40091F14A /* LaunchScreen.storyboard in Resources */ = {isa = PBXBuildFile; fileRef = D903DB682C68CED40091F14A /* LaunchScreen.storyboard */; };
		D903DB752C68CED40091F14A /* CircularSeekBarTests.swift in Sources */ = {isa = PBXBuildFile; fileRef = D903DB742C68CED40091F14A /* CircularSeekBarTests.swift */; };
		D903DB7F2C68CED40091F14A /* CircularSeekBarUITests.swift in Sources */ = {isa = PBXBuildFile; fileRef = D903DB7E2C68CED40091F14A /* CircularSeekBarUITests.swift */; };
		D903DB812C68CED40091F14A /* CircularSeekBarUITestsLaunchTests.swift in Sources */ = {isa = PBXBuildFile; fileRef = D903DB802C68CED40091F14A /* CircularSeekBarUITestsLaunchTests.swift */; };
		D903DB8E2C68CF120091F14A /* CircularSeekBar.swift in Sources */ = {isa = PBXBuildFile; fileRef = D903DB8D2C68CF120091F14A /* CircularSeekBar.swift */; };
/* End PBXBuildFile section */

/* Begin PBXContainerItemProxy section */
		D903DB712C68CED40091F14A /* PBXContainerItemProxy */ = {
			isa = PBXContainerItemProxy;
			containerPortal = D903DB4F2C68CED20091F14A /* Project object */;
			proxyType = 1;
			remoteGlobalIDString = D903DB562C68CED20091F14A;
			remoteInfo = CircularSeekBar;
		};
		D903DB7B2C68CED40091F14A /* PBXContainerItemProxy */ = {
			isa = PBXContainerItemProxy;
			containerPortal = D903DB4F2C68CED20091F14A /* Project object */;
			proxyType = 1;
			remoteGlobalIDString = D903DB562C68CED20091F14A;
			remoteInfo = CircularSeekBar;
		};
/* End PBXContainerItemProxy section */

/* Begin PBXFileReference section */
		D903DB572C68CED20091F14A /* CircularSeekBar.app */ = {isa = PBXFileReference; explicitFileType = wrapper.application; includeInIndex = 0; path = CircularSeekBar.app; sourceTree = BUILT_PRODUCTS_DIR; };
		D903DB5A2C68CED20091F14A /* AppDelegate.swift */ = {isa = PBXFileReference; lastKnownFileType = sourcecode.swift; path = AppDelegate.swift; sourceTree = "<group>"; };
		D903DB5C2C68CED20091F14A /* SceneDelegate.swift */ = {isa = PBXFileReference; lastKnownFileType = sourcecode.swift; path = SceneDelegate.swift; sourceTree = "<group>"; };
		D903DB5E2C68CED20091F14A /* ViewController.swift */ = {isa = PBXFileReference; lastKnownFileType = sourcecode.swift; path = ViewController.swift; sourceTree = "<group>"; };
		D903DB612C68CED20091F14A /* Base */ = {isa = PBXFileReference; lastKnownFileType = file.storyboard; name = Base; path = Base.lproj/Main.storyboard; sourceTree = "<group>"; };
		D903DB642C68CED20091F14A /* CircularSeekBar.xcdatamodel */ = {isa = PBXFileReference; lastKnownFileType = wrapper.xcdatamodel; path = CircularSeekBar.xcdatamodel; sourceTree = "<group>"; };
		D903DB662C68CED40091F14A /* Assets.xcassets */ = {isa = PBXFileReference; lastKnownFileType = folder.assetcatalog; path = Assets.xcassets; sourceTree = "<group>"; };
		D903DB692C68CED40091F14A /* Base */ = {isa = PBXFileReference; lastKnownFileType = file.storyboard; name = Base; path = Base.lproj/LaunchScreen.storyboard; sourceTree = "<group>"; };
		D903DB6B2C68CED40091F14A /* Info.plist */ = {isa = PBXFileReference; lastKnownFileType = text.plist.xml; path = Info.plist; sourceTree = "<group>"; };
		D903DB702C68CED40091F14A /* CircularSeekBarTests.xctest */ = {isa = PBXFileReference; explicitFileType = wrapper.cfbundle; includeInIndex = 0; path = CircularSeekBarTests.xctest; sourceTree = BUILT_PRODUCTS_DIR; };
		D903DB742C68CED40091F14A /* CircularSeekBarTests.swift */ = {isa = PBXFileReference; lastKnownFileType = sourcecode.swift; path = CircularSeekBarTests.swift; sourceTree = "<group>"; };
		D903DB7A2C68CED40091F14A /* CircularSeekBarUITests.xctest */ = {isa = PBXFileReference; explicitFileType = wrapper.cfbundle; includeInIndex = 0; path = CircularSeekBarUITests.xctest; sourceTree = BUILT_PRODUCTS_DIR; };
		D903DB7E2C68CED40091F14A /* CircularSeekBarUITests.swift */ = {isa = PBXFileReference; lastKnownFileType = sourcecode.swift; path = CircularSeekBarUITests.swift; sourceTree = "<group>"; };
		D903DB802C68CED40091F14A /* CircularSeekBarUITestsLaunchTests.swift */ = {isa = PBXFileReference; lastKnownFileType = sourcecode.swift; path = CircularSeekBarUITestsLaunchTests.swift; sourceTree = "<group>"; };
		D903DB8D2C68CF120091F14A /* CircularSeekBar.swift */ = {isa = PBXFileReference; lastKnownFileType = sourcecode.swift; path = CircularSeekBar.swift; sourceTree = "<group>"; };
/* End PBXFileReference section */

/* Begin PBXFrameworksBuildPhase section */
		D903DB542C68CED20091F14A /* Frameworks */ = {
			isa = PBXFrameworksBuildPhase;
			buildActionMask = 2147483647;
			files = (
			);
			runOnlyForDeploymentPostprocessing = 0;
		};
		D903DB6D2C68CED40091F14A /* Frameworks */ = {
			isa = PBXFrameworksBuildPhase;
			buildActionMask = 2147483647;
			files = (
			);
			runOnlyForDeploymentPostprocessing = 0;
		};
		D903DB772C68CED40091F14A /* Frameworks */ = {
			isa = PBXFrameworksBuildPhase;
			buildActionMask = 2147483647;
			files = (
			);
			runOnlyForDeploymentPostprocessing = 0;
		};
/* End PBXFrameworksBuildPhase section */

/* Begin PBXGroup section */
		D903DB4E2C68CED20091F14A = {
			isa = PBXGroup;
			children = (
				D903DB592C68CED20091F14A /* CircularSeekBar */,
				D903DB732C68CED40091F14A /* CircularSeekBarTests */,
				D903DB7D2C68CED40091F14A /* CircularSeekBarUITests */,
				D903DB582C68CED20091F14A /* Products */,
			);
			sourceTree = "<group>";
		};
		D903DB582C68CED20091F14A /* Products */ = {
			isa = PBXGroup;
			children = (
				D903DB572C68CED20091F14A /* CircularSeekBar.app */,
				D903DB702C68CED40091F14A /* CircularSeekBarTests.xctest */,
				D903DB7A2C68CED40091F14A /* CircularSeekBarUITests.xctest */,
			);
			name = Products;
			sourceTree = "<group>";
		};
		D903DB592C68CED20091F14A /* CircularSeekBar */ = {
			isa = PBXGroup;
			children = (
				D903DB5A2C68CED20091F14A /* AppDelegate.swift */,
				D903DB5C2C68CED20091F14A /* SceneDelegate.swift */,
				D903DB5E2C68CED20091F14A /* ViewController.swift */,
				D903DB8D2C68CF120091F14A /* CircularSeekBar.swift */,
				D903DB602C68CED20091F14A /* Main.storyboard */,
				D903DB662C68CED40091F14A /* Assets.xcassets */,
				D903DB682C68CED40091F14A /* LaunchScreen.storyboard */,
				D903DB6B2C68CED40091F14A /* Info.plist */,
				D903DB632C68CED20091F14A /* CircularSeekBar.xcdatamodeld */,
			);
			path = CircularSeekBar;
			sourceTree = "<group>";
		};
		D903DB732C68CED40091F14A /* CircularSeekBarTests */ = {
			isa = PBXGroup;
			children = (
				D903DB742C68CED40091F14A /* CircularSeekBarTests.swift */,
			);
			path = CircularSeekBarTests;
			sourceTree = "<group>";
		};
		D903DB7D2C68CED40091F14A /* CircularSeekBarUITests */ = {
			isa = PBXGroup;
			children = (
				D903DB7E2C68CED40091F14A /* CircularSeekBarUITests.swift */,
				D903DB802C68CED40091F14A /* CircularSeekBarUITestsLaunchTests.swift */,
			);
			path = CircularSeekBarUITests;
			sourceTree = "<group>";
		};
/* End PBXGroup section */

/* Begin PBXNativeTarget section */
		D903DB562C68CED20091F14A /* CircularSeekBar */ = {
			isa = PBXNativeTarget;
			buildConfigurationList = D903DB842C68CED40091F14A /* Build configuration list for PBXNativeTarget "CircularSeekBar" */;
			buildPhases = (
				D903DB532C68CED20091F14A /* Sources */,
				D903DB542C68CED20091F14A /* Frameworks */,
				D903DB552C68CED20091F14A /* Resources */,
			);
			buildRules = (
			);
			dependencies = (
			);
			name = CircularSeekBar;
			productName = CircularSeekBar;
			productReference = D903DB572C68CED20091F14A /* CircularSeekBar.app */;
			productType = "com.apple.product-type.application";
		};
		D903DB6F2C68CED40091F14A /* CircularSeekBarTests */ = {
			isa = PBXNativeTarget;
			buildConfigurationList = D903DB872C68CED40091F14A /* Build configuration list for PBXNativeTarget "CircularSeekBarTests" */;
			buildPhases = (
				D903DB6C2C68CED40091F14A /* Sources */,
				D903DB6D2C68CED40091F14A /* Frameworks */,
				D903DB6E2C68CED40091F14A /* Resources */,
			);
			buildRules = (
			);
			dependencies = (
				D903DB722C68CED40091F14A /* PBXTargetDependency */,
			);
			name = CircularSeekBarTests;
			productName = CircularSeekBarTests;
			productReference = D903DB702C68CED40091F14A /* CircularSeekBarTests.xctest */;
			productType = "com.apple.product-type.bundle.unit-test";
		};
		D903DB792C68CED40091F14A /* CircularSeekBarUITests */ = {
			isa = PBXNativeTarget;
			buildConfigurationList = D903DB8A2C68CED40091F14A /* Build configuration list for PBXNativeTarget "CircularSeekBarUITests" */;
			buildPhases = (
				D903DB762C68CED40091F14A /* Sources */,
				D903DB772C68CED40091F14A /* Frameworks */,
				D903DB782C68CED40091F14A /* Resources */,
			);
			buildRules = (
			);
			dependencies = (
				D903DB7C2C68CED40091F14A /* PBXTargetDependency */,
			);
			name = CircularSeekBarUITests;
			productName = CircularSeekBarUITests;
			productReference = D903DB7A2C68CED40091F14A /* CircularSeekBarUITests.xctest */;
			productType = "com.apple.product-type.bundle.ui-testing";
		};
/* End PBXNativeTarget section */

/* Begin PBXProject section */
		D903DB4F2C68CED20091F14A /* Project object */ = {
			isa = PBXProject;
			attributes = {
				BuildIndependentTargetsInParallel = 1;
				LastSwiftUpdateCheck = 1520;
				LastUpgradeCheck = 1520;
				TargetAttributes = {
					D903DB562C68CED20091F14A = {
						CreatedOnToolsVersion = 15.2;
					};
					D903DB6F2C68CED40091F14A = {
						CreatedOnToolsVersion = 15.2;
						TestTargetID = D903DB562C68CED20091F14A;
					};
					D903DB792C68CED40091F14A = {
						CreatedOnToolsVersion = 15.2;
						TestTargetID = D903DB562C68CED20091F14A;
					};
				};
			};
			buildConfigurationList = D903DB522C68CED20091F14A /* Build configuration list for PBXProject "CircularSeekBar" */;
			compatibilityVersion = "Xcode 14.0";
			developmentRegion = en;
			hasScannedForEncodings = 0;
			knownRegions = (
				en,
				Base,
			);
			mainGroup = D903DB4E2C68CED20091F14A;
			productRefGroup = D903DB582C68CED20091F14A /* Products */;
			projectDirPath = "";
			projectRoot = "";
			targets = (
				D903DB562C68CED20091F14A /* CircularSeekBar */,
				D903DB6F2C68CED40091F14A /* CircularSeekBarTests */,
				D903DB792C68CED40091F14A /* CircularSeekBarUITests */,
			);
		};
/* End PBXProject section */

/* Begin PBXResourcesBuildPhase section */
		D903DB552C68CED20091F14A /* Resources */ = {
			isa = PBXResourcesBuildPhase;
			buildActionMask = 2147483647;
			files = (
				D903DB6A2C68CED40091F14A /* LaunchScreen.storyboard in Resources */,
				D903DB672C68CED40091F14A /* Assets.xcassets in Resources */,
				D903DB622C68CED20091F14A /* Main.storyboard in Resources */,
			);
			runOnlyForDeploymentPostprocessing = 0;
		};
		D903DB6E2C68CED40091F14A /* Resources */ = {
			isa = PBXResourcesBuildPhase;
			buildActionMask = 2147483647;
			files = (
			);
			runOnlyForDeploymentPostprocessing = 0;
		};
		D903DB782C68CED40091F14A /* Resources */ = {
			isa = PBXResourcesBuildPhase;
			buildActionMask = 2147483647;
			files = (
			);
			runOnlyForDeploymentPostprocessing = 0;
		};
/* End PBXResourcesBuildPhase section */

/* Begin PBXSourcesBuildPhase section */
		D903DB532C68CED20091F14A /* Sources */ = {
			isa = PBXSourcesBuildPhase;
			buildActionMask = 2147483647;
			files = (
				D903DB5F2C68CED20091F14A /* ViewController.swift in Sources */,
				D903DB5B2C68CED20091F14A /* AppDelegate.swift in Sources */,
				D903DB652C68CED20091F14A /* CircularSeekBar.xcdatamodeld in Sources */,
				D903DB8E2C68CF120091F14A /* CircularSeekBar.swift in Sources */,
				D903DB5D2C68CED20091F14A /* SceneDelegate.swift in Sources */,
			);
			runOnlyForDeploymentPostprocessing = 0;
		};
		D903DB6C2C68CED40091F14A /* Sources */ = {
			isa = PBXSourcesBuildPhase;
			buildActionMask = 2147483647;
			files = (
				D903DB752C68CED40091F14A /* CircularSeekBarTests.swift in Sources */,
			);
			runOnlyForDeploymentPostprocessing = 0;
		};
		D903DB762C68CED40091F14A /* Sources */ = {
			isa = PBXSourcesBuildPhase;
			buildActionMask = 2147483647;
			files = (
				D903DB7F2C68CED40091F14A /* CircularSeekBarUITests.swift in Sources */,
				D903DB812C68CED40091F14A /* CircularSeekBarUITestsLaunchTests.swift in Sources */,
			);
			runOnlyForDeploymentPostprocessing = 0;
		};
/* End PBXSourcesBuildPhase section */

/* Begin PBXTargetDependency section */
		D903DB722C68CED40091F14A /* PBXTargetDependency */ = {
			isa = PBXTargetDependency;
			target = D903DB562C68CED20091F14A /* CircularSeekBar */;
			targetProxy = D903DB712C68CED40091F14A /* PBXContainerItemProxy */;
		};
		D903DB7C2C68CED40091F14A /* PBXTargetDependency */ = {
			isa = PBXTargetDependency;
			target = D903DB562C68CED20091F14A /* CircularSeekBar */;
			targetProxy = D903DB7B2C68CED40091F14A /* PBXContainerItemProxy */;
		};
/* End PBXTargetDependency section */

/* Begin PBXVariantGroup section */
		D903DB602C68CED20091F14A /* Main.storyboard */ = {
			isa = PBXVariantGroup;
			children = (
				D903DB612C68CED20091F14A /* Base */,
			);
			name = Main.storyboard;
			sourceTree = "<group>";
		};
		D903DB682C68CED40091F14A /* LaunchScreen.storyboard */ = {
			isa = PBXVariantGroup;
			children = (
				D903DB692C68CED40091F14A /* Base */,
			);
			name = LaunchScreen.storyboard;
			sourceTree = "<group>";
		};
/* End PBXVariantGroup section */

/* Begin XCBuildConfiguration section */
		D903DB822C68CED40091F14A /* Debug */ = {
			isa = XCBuildConfiguration;
			buildSettings = {
				ALWAYS_SEARCH_USER_PATHS = NO;
				ASSETCATALOG_COMPILER_GENERATE_SWIFT_ASSET_SYMBOL_EXTENSIONS = YES;
				CLANG_ANALYZER_NONNULL = YES;
				CLANG_ANALYZER_NUMBER_OBJECT_CONVERSION = YES_AGGRESSIVE;
				CLANG_CXX_LANGUAGE_STANDARD = "gnu++20";
				CLANG_ENABLE_MODULES = YES;
				CLANG_ENABLE_OBJC_ARC = YES;
				CLANG_ENABLE_OBJC_WEAK = YES;
				CLANG_WARN_BLOCK_CAPTURE_AUTORELEASING = YES;
				CLANG_WARN_BOOL_CONVERSION = YES;
				CLANG_WARN_COMMA = YES;
				CLANG_WARN_CONSTANT_CONVERSION = YES;
				CLANG_WARN_DEPRECATED_OBJC_IMPLEMENTATIONS = YES;
				CLANG_WARN_DIRECT_OBJC_ISA_USAGE = YES_ERROR;
				CLANG_WARN_DOCUMENTATION_COMMENTS = YES;
				CLANG_WARN_EMPTY_BODY = YES;
				CLANG_WARN_ENUM_CONVERSION = YES;
				CLANG_WARN_INFINITE_RECURSION = YES;
				CLANG_WARN_INT_CONVERSION = YES;
				CLANG_WARN_NON_LITERAL_NULL_CONVERSION = YES;
				CLANG_WARN_OBJC_IMPLICIT_RETAIN_SELF = YES;
				CLANG_WARN_OBJC_LITERAL_CONVERSION = YES;
				CLANG_WARN_OBJC_ROOT_CLASS = YES_ERROR;
				CLANG_WARN_QUOTED_INCLUDE_IN_FRAMEWORK_HEADER = YES;
				CLANG_WARN_RANGE_LOOP_ANALYSIS = YES;
				CLANG_WARN_STRICT_PROTOTYPES = YES;
				CLANG_WARN_SUSPICIOUS_MOVE = YES;
				CLANG_WARN_UNGUARDED_AVAILABILITY = YES_AGGRESSIVE;
				CLANG_WARN_UNREACHABLE_CODE = YES;
				CLANG_WARN__DUPLICATE_METHOD_MATCH = YES;
				COPY_PHASE_STRIP = NO;
				DEBUG_INFORMATION_FORMAT = dwarf;
				ENABLE_STRICT_OBJC_MSGSEND = YES;
				ENABLE_TESTABILITY = YES;
				ENABLE_USER_SCRIPT_SANDBOXING = YES;
				GCC_C_LANGUAGE_STANDARD = gnu17;
				GCC_DYNAMIC_NO_PIC = NO;
				GCC_NO_COMMON_BLOCKS = YES;
				GCC_OPTIMIZATION_LEVEL = 0;
				GCC_PREPROCESSOR_DEFINITIONS = (
					"DEBUG=1",
					"$(inherited)",
				);
				GCC_WARN_64_TO_32_BIT_CONVERSION = YES;
				GCC_WARN_ABOUT_RETURN_TYPE = YES_ERROR;
				GCC_WARN_UNDECLARED_SELECTOR = YES;
				GCC_WARN_UNINITIALIZED_AUTOS = YES_AGGRESSIVE;
				GCC_WARN_UNUSED_FUNCTION = YES;
				GCC_WARN_UNUSED_VARIABLE = YES;
				IPHONEOS_DEPLOYMENT_TARGET = 17.2;
				LOCALIZATION_PREFERS_STRING_CATALOGS = YES;
				MTL_ENABLE_DEBUG_INFO = INCLUDE_SOURCE;
				MTL_FAST_MATH = YES;
				ONLY_ACTIVE_ARCH = YES;
				SDKROOT = iphoneos;
				SWIFT_ACTIVE_COMPILATION_CONDITIONS = "DEBUG $(inherited)";
				SWIFT_OPTIMIZATION_LEVEL = "-Onone";
			};
			name = Debug;
		};
		D903DB832C68CED40091F14A /* Release */ = {
			isa = XCBuildConfiguration;
			buildSettings = {
				ALWAYS_SEARCH_USER_PATHS = NO;
				ASSETCATALOG_COMPILER_GENERATE_SWIFT_ASSET_SYMBOL_EXTENSIONS = YES;
				CLANG_ANALYZER_NONNULL = YES;
				CLANG_ANALYZER_NUMBER_OBJECT_CONVERSION = YES_AGGRESSIVE;
				CLANG_CXX_LANGUAGE_STANDARD = "gnu++20";
				CLANG_ENABLE_MODULES = YES;
				CLANG_ENABLE_OBJC_ARC = YES;
				CLANG_ENABLE_OBJC_WEAK = YES;
				CLANG_WARN_BLOCK_CAPTURE_AUTORELEASING = YES;
				CLANG_WARN_BOOL_CONVERSION = YES;
				CLANG_WARN_COMMA = YES;
				CLANG_WARN_CONSTANT_CONVERSION = YES;
				CLANG_WARN_DEPRECATED_OBJC_IMPLEMENTATIONS = YES;
				CLANG_WARN_DIRECT_OBJC_ISA_USAGE = YES_ERROR;
				CLANG_WARN_DOCUMENTATION_COMMENTS = YES;
				CLANG_WARN_EMPTY_BODY = YES;
				CLANG_WARN_ENUM_CONVERSION = YES;
				CLANG_WARN_INFINITE_RECURSION = YES;
				CLANG_WARN_INT_CONVERSION = YES;
				CLANG_WARN_NON_LITERAL_NULL_CONVERSION = YES;
				CLANG_WARN_OBJC_IMPLICIT_RETAIN_SELF = YES;
				CLANG_WARN_OBJC_LITERAL_CONVERSION = YES;
				CLANG_WARN_OBJC_ROOT_CLASS = YES_ERROR;
				CLANG_WARN_QUOTED_INCLUDE_IN_FRAMEWORK_HEADER = YES;
				CLANG_WARN_RANGE_LOOP_ANALYSIS = YES;
				CLANG_WARN_STRICT_PROTOTYPES = YES;
				CLANG_WARN_SUSPICIOUS_MOVE = YES;
				CLANG_WARN_UNGUARDED_AVAILABILITY = YES_AGGRESSIVE;
				CLANG_WARN_UNREACHABLE_CODE = YES;
				CLANG_WARN__DUPLICATE_METHOD_MATCH = YES;
				COPY_PHASE_STRIP = NO;
				DEBUG_INFORMATION_FORMAT = "dwarf-with-dsym";
				ENABLE_NS_ASSERTIONS = NO;
				ENABLE_STRICT_OBJC_MSGSEND = YES;
				ENABLE_USER_SCRIPT_SANDBOXING = YES;
				GCC_C_LANGUAGE_STANDARD = gnu17;
				GCC_NO_COMMON_BLOCKS = YES;
				GCC_WARN_64_TO_32_BIT_CONVERSION = YES;
				GCC_WARN_ABOUT_RETURN_TYPE = YES_ERROR;
				GCC_WARN_UNDECLARED_SELECTOR = YES;
				GCC_WARN_UNINITIALIZED_AUTOS = YES_AGGRESSIVE;
				GCC_WARN_UNUSED_FUNCTION = YES;
				GCC_WARN_UNUSED_VARIABLE = YES;
				IPHONEOS_DEPLOYMENT_TARGET = 17.2;
				LOCALIZATION_PREFERS_STRING_CATALOGS = YES;
				MTL_ENABLE_DEBUG_INFO = NO;
				MTL_FAST_MATH = YES;
				SDKROOT = iphoneos;
				SWIFT_COMPILATION_MODE = wholemodule;
				VALIDATE_PRODUCT = YES;
			};
			name = Release;
		};
		D903DB852C68CED40091F14A /* Debug */ = {
			isa = XCBuildConfiguration;
			buildSettings = {
				ASSETCATALOG_COMPILER_APPICON_NAME = AppIcon;
				ASSETCATALOG_COMPILER_GLOBAL_ACCENT_COLOR_NAME = AccentColor;
				CODE_SIGN_STYLE = Automatic;
				CURRENT_PROJECT_VERSION = 1;
				GENERATE_INFOPLIST_FILE = YES;
				INFOPLIST_FILE = CircularSeekBar/Info.plist;
				INFOPLIST_KEY_UIApplicationSupportsIndirectInputEvents = YES;
				INFOPLIST_KEY_UILaunchStoryboardName = LaunchScreen;
				INFOPLIST_KEY_UIMainStoryboardFile = Main;
				INFOPLIST_KEY_UISupportedInterfaceOrientations_iPad = "UIInterfaceOrientationPortrait UIInterfaceOrientationPortraitUpsideDown UIInterfaceOrientationLandscapeLeft UIInterfaceOrientationLandscapeRight";
				INFOPLIST_KEY_UISupportedInterfaceOrientations_iPhone = "UIInterfaceOrientationPortrait UIInterfaceOrientationLandscapeLeft UIInterfaceOrientationLandscapeRight";
				LD_RUNPATH_SEARCH_PATHS = (
					"$(inherited)",
					"@executable_path/Frameworks",
				);
				MARKETING_VERSION = 1.0;
				PRODUCT_BUNDLE_IDENTIFIER = com.app.CircularSeekBar;
				PRODUCT_NAME = "$(TARGET_NAME)";
				SWIFT_EMIT_LOC_STRINGS = YES;
				SWIFT_VERSION = 5.0;
				TARGETED_DEVICE_FAMILY = "1,2";
			};
			name = Debug;
		};
		D903DB862C68CED40091F14A /* Release */ = {
			isa = XCBuildConfiguration;
			buildSettings = {
				ASSETCATALOG_COMPILER_APPICON_NAME = AppIcon;
				ASSETCATALOG_COMPILER_GLOBAL_ACCENT_COLOR_NAME = AccentColor;
				CODE_SIGN_STYLE = Automatic;
				CURRENT_PROJECT_VERSION = 1;
				GENERATE_INFOPLIST_FILE = YES;
				INFOPLIST_FILE = CircularSeekBar/Info.plist;
				INFOPLIST_KEY_UIApplicationSupportsIndirectInputEvents = YES;
				INFOPLIST_KEY_UILaunchStoryboardName = LaunchScreen;
				INFOPLIST_KEY_UIMainStoryboardFile = Main;
				INFOPLIST_KEY_UISupportedInterfaceOrientations_iPad = "UIInterfaceOrientationPortrait UIInterfaceOrientationPortraitUpsideDown UIInterfaceOrientationLandscapeLeft UIInterfaceOrientationLandscapeRight";
				INFOPLIST_KEY_UISupportedInterfaceOrientations_iPhone = "UIInterfaceOrientationPortrait UIInterfaceOrientationLandscapeLeft UIInterfaceOrientationLandscapeRight";
				LD_RUNPATH_SEARCH_PATHS = (
					"$(inherited)",
					"@executable_path/Frameworks",
				);
				MARKETING_VERSION = 1.0;
				PRODUCT_BUNDLE_IDENTIFIER = com.app.CircularSeekBar;
				PRODUCT_NAME = "$(TARGET_NAME)";
				SWIFT_EMIT_LOC_STRINGS = YES;
				SWIFT_VERSION = 5.0;
				TARGETED_DEVICE_FAMILY = "1,2";
			};
			name = Release;
		};
		D903DB882C68CED40091F14A /* Debug */ = {
			isa = XCBuildConfiguration;
			buildSettings = {
				ALWAYS_EMBED_SWIFT_STANDARD_LIBRARIES = YES;
				BUNDLE_LOADER = "$(TEST_HOST)";
				CODE_SIGN_STYLE = Automatic;
				CURRENT_PROJECT_VERSION = 1;
				GENERATE_INFOPLIST_FILE = YES;
				IPHONEOS_DEPLOYMENT_TARGET = 17.2;
				MARKETING_VERSION = 1.0;
				PRODUCT_BUNDLE_IDENTIFIER = com.app.CircularSeekBarTests;
				PRODUCT_NAME = "$(TARGET_NAME)";
				SWIFT_EMIT_LOC_STRINGS = NO;
				SWIFT_VERSION = 5.0;
				TARGETED_DEVICE_FAMILY = "1,2";
				TEST_HOST = "$(BUILT_PRODUCTS_DIR)/CircularSeekBar.app/$(BUNDLE_EXECUTABLE_FOLDER_PATH)/CircularSeekBar";
			};
			name = Debug;
		};
		D903DB892C68CED40091F14A /* Release */ = {
			isa = XCBuildConfiguration;
			buildSettings = {
				ALWAYS_EMBED_SWIFT_STANDARD_LIBRARIES = YES;
				BUNDLE_LOADER = "$(TEST_HOST)";
				CODE_SIGN_STYLE = Automatic;
				CURRENT_PROJECT_VERSION = 1;
				GENERATE_INFOPLIST_FILE = YES;
				IPHONEOS_DEPLOYMENT_TARGET = 17.2;
				MARKETING_VERSION = 1.0;
				PRODUCT_BUNDLE_IDENTIFIER = com.app.CircularSeekBarTests;
				PRODUCT_NAME = "$(TARGET_NAME)";
				SWIFT_EMIT_LOC_STRINGS = NO;
				SWIFT_VERSION = 5.0;
				TARGETED_DEVICE_FAMILY = "1,2";
				TEST_HOST = "$(BUILT_PRODUCTS_DIR)/CircularSeekBar.app/$(BUNDLE_EXECUTABLE_FOLDER_PATH)/CircularSeekBar";
			};
			name = Release;
		};
		D903DB8B2C68CED40091F14A /* Debug */ = {
			isa = XCBuildConfiguration;
			buildSettings = {
				ALWAYS_EMBED_SWIFT_STANDARD_LIBRARIES = YES;
				CODE_SIGN_STYLE = Automatic;
				CURRENT_PROJECT_VERSION = 1;
				GENERATE_INFOPLIST_FILE = YES;
				MARKETING_VERSION = 1.0;
				PRODUCT_BUNDLE_IDENTIFIER = com.app.CircularSeekBarUITests;
				PRODUCT_NAME = "$(TARGET_NAME)";
				SWIFT_EMIT_LOC_STRINGS = NO;
				SWIFT_VERSION = 5.0;
				TARGETED_DEVICE_FAMILY = "1,2";
				TEST_TARGET_NAME = CircularSeekBar;
			};
			name = Debug;
		};
		D903DB8C2C68CED40091F14A /* Release */ = {
			isa = XCBuildConfiguration;
			buildSettings = {
				ALWAYS_EMBED_SWIFT_STANDARD_LIBRARIES = YES;
				CODE_SIGN_STYLE = Automatic;
				CURRENT_PROJECT_VERSION = 1;
				GENERATE_INFOPLIST_FILE = YES;
				MARKETING_VERSION = 1.0;
				PRODUCT_BUNDLE_IDENTIFIER = com.app.CircularSeekBarUITests;
				PRODUCT_NAME = "$(TARGET_NAME)";
				SWIFT_EMIT_LOC_STRINGS = NO;
				SWIFT_VERSION = 5.0;
				TARGETED_DEVICE_FAMILY = "1,2";
				TEST_TARGET_NAME = CircularSeekBar;
			};
			name = Release;
		};
/* End XCBuildConfiguration section */

/* Begin XCConfigurationList section */
		D903DB522C68CED20091F14A /* Build configuration list for PBXProject "CircularSeekBar" */ = {
			isa = XCConfigurationList;
			buildConfigurations = (
				D903DB822C68CED40091F14A /* Debug */,
				D903DB832C68CED40091F14A /* Release */,
			);
			defaultConfigurationIsVisible = 0;
			defaultConfigurationName = Release;
		};
		D903DB842C68CED40091F14A /* Build configuration list for PBXNativeTarget "CircularSeekBar" */ = {
			isa = XCConfigurationList;
			buildConfigurations = (
				D903DB852C68CED40091F14A /* Debug */,
				D903DB862C68CED40091F14A /* Release */,
			);
			defaultConfigurationIsVisible = 0;
			defaultConfigurationName = Release;
		};
		D903DB872C68CED40091F14A /* Build configuration list for PBXNativeTarget "CircularSeekBarTests" */ = {
			isa = XCConfigurationList;
			buildConfigurations = (
				D903DB882C68CED40091F14A /* Debug */,
				D903DB892C68CED40091F14A /* Release */,
			);
			defaultConfigurationIsVisible = 0;
			defaultConfigurationName = Release;
		};
		D903DB8A2C68CED40091F14A /* Build configuration list for PBXNativeTarget "CircularSeekBarUITests" */ = {
			isa = XCConfigurationList;
			buildConfigurations = (
				D903DB8B2C68CED40091F14A /* Debug */,
				D903DB8C2C68CED40091F14A /* Release */,
			);
			defaultConfigurationIsVisible = 0;
			defaultConfigurationName = Release;
		};
/* End XCConfigurationList section */

/* Begin XCVersionGroup section */
		D903DB632C68CED20091F14A /* CircularSeekBar.xcdatamodeld */ = {
			isa = XCVersionGroup;
			children = (
				D903DB642C68CED20091F14A /* CircularSeekBar.xcdatamodel */,
			);
			currentVersion = D903DB642C68CED20091F14A /* CircularSeekBar.xcdatamodel */;
			path = CircularSeekBar.xcdatamodeld;
			sourceTree = "<group>";
			versionGroupType = wrapper.xcdatamodel;
		};
/* End XCVersionGroup section */
	};
	rootObject = D903DB4F2C68CED20091F14A /* Project object */;
}
